
Microsoft Visual Studio Solution File, Format Version 12.00
# Visual Studio Version 17
VisualStudioVersion = 17.10.34916.146
MinimumVisualStudioVersion = 10.0.40219.1
Project("{FAE04EC0-301F-11D3-BF4B-00C04F79EFBC}") = "C#_NhapThangXuatSoNgay", "C#_NhapThangXuatSoNgay.csproj", "{6FB81F55-F949-4A3C-B550-D0F7AACBD914}"
EndProject
Global
	GlobalSection(SolutionConfigurationPlatforms) = preSolution
		Debug|Any CPU = Debug|Any CPU
		Release|Any CPU = Release|Any CPU
	EndGlobalSection
	GlobalSection(ProjectConfigurationPlatforms) = postSolution
		{6FB81F55-F949-4A3C-B550-D0F7AACBD914}.Debug|Any CPU.ActiveCfg = Debug|Any CPU
		{6FB81F55-F949-4A3C-B550-D0F7AACBD914}.Debug|Any CPU.Build.0 = Debug|Any CPU
		{6FB81F55-F949-4A3C-B550-D0F7AACBD914}.Release|Any CPU.ActiveCfg = Release|Any CPU
		{6FB81F55-F949-4A3C-B550-D0F7AACBD914}.Release|Any CPU.Build.0 = Release|Any CPU
	EndGlobalSection
	GlobalSection(SolutionProperties) = preSolution
		HideSolutionNode = FALSE
	EndGlobalSection
	GlobalSection(ExtensibilityGlobals) = postSolution
		SolutionGuid = {D6149F77-449F-4EC7-8E07-52BE215F5D48}
	EndGlobalSection
EndGlobal
